
Microsoft Visual Studio Solution File, Format Version 12.00
# Visual Studio Version 17
VisualStudioVersion = 17.8.34330.188
MinimumVisualStudioVersion = 10.0.40219.1
Project("{FAE04EC0-301F-11D3-BF4B-00C04F79EFBC}") = "ControleAcces", "ControleAcces\ControleAcces.csproj", "{590BA96A-96FA-4C54-AEB7-D5A42D621966}"
EndProject
Project("{FAE04EC0-301F-11D3-BF4B-00C04F79EFBC}") = "ControleAcces.Test", "ControleAcces.Test\ControleAcces.Test.csproj", "{5DFD9C73-4D66-491C-B3BE-282C7DDBE60F}"
EndProject
Global
	GlobalSection(SolutionConfigurationPlatforms) = preSolution
		Debug|Any CPU = Debug|Any CPU
		Release|Any CPU = Release|Any CPU
	EndGlobalSection
	GlobalSection(ProjectConfigurationPlatforms) = postSolution
		{590BA96A-96FA-4C54-AEB7-D5A42D621966}.Debug|Any CPU.ActiveCfg = Debug|Any CPU
		{590BA96A-96FA-4C54-AEB7-D5A42D621966}.Debug|Any CPU.Build.0 = Debug|Any CPU
		{590BA96A-96FA-4C54-AEB7-D5A42D621966}.Release|Any CPU.ActiveCfg = Release|Any CPU
		{590BA96A-96FA-4C54-AEB7-D5A42D621966}.Release|Any CPU.Build.0 = Release|Any CPU
		{5DFD9C73-4D66-491C-B3BE-282C7DDBE60F}.Debug|Any CPU.ActiveCfg = Debug|Any CPU
		{5DFD9C73-4D66-491C-B3BE-282C7DDBE60F}.Debug|Any CPU.Build.0 = Debug|Any CPU
		{5DFD9C73-4D66-491C-B3BE-282C7DDBE60F}.Release|Any CPU.ActiveCfg = Release|Any CPU
		{5DFD9C73-4D66-491C-B3BE-282C7DDBE60F}.Release|Any CPU.Build.0 = Release|Any CPU
	EndGlobalSection
	GlobalSection(SolutionProperties) = preSolution
		HideSolutionNode = FALSE
	EndGlobalSection
	GlobalSection(ExtensibilityGlobals) = postSolution
		SolutionGuid = {5FF635D0-4879-41DF-8398-1F48EF8CF694}
	EndGlobalSection
EndGlobal
